
Microsoft Visual Studio Solution File, Format Version 12.00
# Visual Studio Version 17
VisualStudioVersion = 17.5.33414.496
MinimumVisualStudioVersion = 10.0.40219.1
Project("{FAE04EC0-301F-11D3-BF4B-00C04F79EFBC}") = "opencart_001", "opencart_001\opencart_001.csproj", "{557A4F6B-90AC-4FA2-AAF7-4DD667EBCDFB}"
EndProject
Global
	GlobalSection(SolutionConfigurationPlatforms) = preSolution
		Debug|Any CPU = Debug|Any CPU
		Release|Any CPU = Release|Any CPU
	EndGlobalSection
	GlobalSection(ProjectConfigurationPlatforms) = postSolution
		{557A4F6B-90AC-4FA2-AAF7-4DD667EBCDFB}.Debug|Any CPU.ActiveCfg = Debug|Any CPU
		{557A4F6B-90AC-4FA2-AAF7-4DD667EBCDFB}.Debug|Any CPU.Build.0 = Debug|Any CPU
		{557A4F6B-90AC-4FA2-AAF7-4DD667EBCDFB}.Release|Any CPU.ActiveCfg = Release|Any CPU
		{557A4F6B-90AC-4FA2-AAF7-4DD667EBCDFB}.Release|Any CPU.Build.0 = Release|Any CPU
	EndGlobalSection
	GlobalSection(SolutionProperties) = preSolution
		HideSolutionNode = FALSE
	EndGlobalSection
	GlobalSection(ExtensibilityGlobals) = postSolution
		SolutionGuid = {7A6758F4-CE39-4E8F-9B36-D31A635F0065}
	EndGlobalSection
EndGlobal
