
Microsoft Visual Studio Solution File, Format Version 12.00
# Visual Studio Version 17
VisualStudioVersion = 17.5.33414.496
MinimumVisualStudioVersion = 10.0.40219.1
Project("{FAE04EC0-301F-11D3-BF4B-00C04F79EFBC}") = "Demoproject1", "Demoproject1.csproj", "{84B3627A-CD6D-450E-A5EC-AC7EBEADCDEE}"
EndProject
Global
	GlobalSection(SolutionConfigurationPlatforms) = preSolution
		Debug|Any CPU = Debug|Any CPU
		Release|Any CPU = Release|Any CPU
	EndGlobalSection
	GlobalSection(ProjectConfigurationPlatforms) = postSolution
		{84B3627A-CD6D-450E-A5EC-AC7EBEADCDEE}.Debug|Any CPU.ActiveCfg = Debug|Any CPU
		{84B3627A-CD6D-450E-A5EC-AC7EBEADCDEE}.Debug|Any CPU.Build.0 = Debug|Any CPU
		{84B3627A-CD6D-450E-A5EC-AC7EBEADCDEE}.Release|Any CPU.ActiveCfg = Release|Any CPU
		{84B3627A-CD6D-450E-A5EC-AC7EBEADCDEE}.Release|Any CPU.Build.0 = Release|Any CPU
	EndGlobalSection
	GlobalSection(SolutionProperties) = preSolution
		HideSolutionNode = FALSE
	EndGlobalSection
	GlobalSection(ExtensibilityGlobals) = postSolution
		SolutionGuid = {E5A97C77-7C4D-4948-9DF2-A2A96CB9E73D}
	EndGlobalSection
EndGlobal
